
Microsoft Visual Studio Solution File, Format Version 12.00
# Visual Studio Version 16
VisualStudioVersion = 16.0.29306.81
MinimumVisualStudioVersion = 10.0.40219.1
Project("{8BC9CEB8-8B4A-11D0-8D11-00A0C91BC942}") = "ModelLoading", "ModelLoading\ModelLoading.vcxproj", "{DEED8401-A58C-4070-87AA-46B42B3D786F}"
EndProject
Global
	GlobalSection(SolutionConfigurationPlatforms) = preSolution
		Debug|x64 = Debug|x64
		Debug|x86 = Debug|x86
		Release|x64 = Release|x64
		Release|x86 = Release|x86
	EndGlobalSection
	GlobalSection(ProjectConfigurationPlatforms) = postSolution
		{DEED8401-A58C-4070-87AA-46B42B3D786F}.Debug|x64.ActiveCfg = Debug|x64
		{DEED8401-A58C-4070-87AA-46B42B3D786F}.Debug|x64.Build.0 = Debug|x64
		{DEED8401-A58C-4070-87AA-46B42B3D786F}.Debug|x86.ActiveCfg = Debug|Win32
		{DEED8401-A58C-4070-87AA-46B42B3D786F}.Debug|x86.Build.0 = Debug|Win32
		{DEED8401-A58C-4070-87AA-46B42B3D786F}.Release|x64.ActiveCfg = Release|x64
		{DEED8401-A58C-4070-87AA-46B42B3D786F}.Release|x64.Build.0 = Release|x64
		{DEED8401-A58C-4070-87AA-46B42B3D786F}.Release|x86.ActiveCfg = Release|Win32
		{DEED8401-A58C-4070-87AA-46B42B3D786F}.Release|x86.Build.0 = Release|Win32
	EndGlobalSection
	GlobalSection(SolutionProperties) = preSolution
		HideSolutionNode = FALSE
	EndGlobalSection
	GlobalSection(ExtensibilityGlobals) = postSolution
		SolutionGuid = {3A0C0822-C187-4AEA-BD5B-1303BA2B73DF}
	EndGlobalSection
EndGlobal
